
Microsoft Visual Studio Solution File, Format Version 12.00
# Visual Studio Version 17
VisualStudioVersion = 17.6.33723.286
MinimumVisualStudioVersion = 10.0.40219.1
Project("{FAE04EC0-301F-11D3-BF4B-00C04F79EFBC}") = "NumReverse", "NumReverse\NumReverse.csproj", "{33110578-E10A-4E5C-A7AC-0AD4B73AA4AA}"
EndProject
Global
	GlobalSection(SolutionConfigurationPlatforms) = preSolution
		Debug|Any CPU = Debug|Any CPU
		Release|Any CPU = Release|Any CPU
	EndGlobalSection
	GlobalSection(ProjectConfigurationPlatforms) = postSolution
		{33110578-E10A-4E5C-A7AC-0AD4B73AA4AA}.Debug|Any CPU.ActiveCfg = Debug|Any CPU
		{33110578-E10A-4E5C-A7AC-0AD4B73AA4AA}.Debug|Any CPU.Build.0 = Debug|Any CPU
		{33110578-E10A-4E5C-A7AC-0AD4B73AA4AA}.Release|Any CPU.ActiveCfg = Release|Any CPU
		{33110578-E10A-4E5C-A7AC-0AD4B73AA4AA}.Release|Any CPU.Build.0 = Release|Any CPU
	EndGlobalSection
	GlobalSection(SolutionProperties) = preSolution
		HideSolutionNode = FALSE
	EndGlobalSection
	GlobalSection(ExtensibilityGlobals) = postSolution
		SolutionGuid = {F92508B7-E0F5-473E-A46B-826084ED7F98}
	EndGlobalSection
EndGlobal
